
Microsoft Visual Studio Solution File, Format Version 12.00
Project("{FAE04EC0-301F-11D3-BF4B-00C04F79EFBC}") = "UserAPI", "code\src\backend\UserAPI\UserAPI.csproj", "{680DE30E-C63C-49C0-99D6-46FCA7676C2C}"
EndProject
Project("{FAE04EC0-301F-11D3-BF4B-00C04F79EFBC}") = "UserAPI.Tests", "code\tests\UserAPI.Tests\UserAPI.Tests.csproj", "{42DBE2DC-12F5-4912-A832-1D40D12DBF60}"
EndProject
Global
	GlobalSection(SolutionConfigurationPlatforms) = preSolution
		Debug|Any CPU = Debug|Any CPU
		Release|Any CPU = Release|Any CPU
	EndGlobalSection
	GlobalSection(ProjectConfigurationPlatforms) = postSolution
		{680DE30E-C63C-49C0-99D6-46FCA7676C2C}.Debug|Any CPU.ActiveCfg = Debug|Any CPU
		{680DE30E-C63C-49C0-99D6-46FCA7676C2C}.Debug|Any CPU.Build.0 = Debug|Any CPU
		{680DE30E-C63C-49C0-99D6-46FCA7676C2C}.Release|Any CPU.ActiveCfg = Release|Any CPU
		{680DE30E-C63C-49C0-99D6-46FCA7676C2C}.Release|Any CPU.Build.0 = Release|Any CPU
		{42DBE2DC-12F5-4912-A832-1D40D12DBF60}.Debug|Any CPU.ActiveCfg = Debug|Any CPU
		{42DBE2DC-12F5-4912-A832-1D40D12DBF60}.Debug|Any CPU.Build.0 = Debug|Any CPU
		{42DBE2DC-12F5-4912-A832-1D40D12DBF60}.Release|Any CPU.ActiveCfg = Release|Any CPU
		{42DBE2DC-12F5-4912-A832-1D40D12DBF60}.Release|Any CPU.Build.0 = Release|Any CPU
	EndGlobalSection
EndGlobal
