
Microsoft Visual Studio Solution File, Format Version 12.00
Project("{FAE04EC0-301F-11D3-BF4B-00C04F79EFBC}") = "UserAPI", "code\src\backend\UserAPI\UserAPI.csproj", "{680DE30E-C63C-49C0-99D6-46FCA7676C2C}"
EndProject
Project("{FAE04EC0-301F-11D3-BF4B-00C04F79EFBC}") = "UserAPI.Tests", "code\src\backend\UserAPI.Tests\UserAPI.Tests.csproj", "{1F81EFF8-0699-4B73-9F64-B8EA450C2BDC}"
EndProject
Global
	GlobalSection(SolutionConfigurationPlatforms) = preSolution
		Debug|Any CPU = Debug|Any CPU
		Release|Any CPU = Release|Any CPU
	EndGlobalSection
	GlobalSection(ProjectConfigurationPlatforms) = postSolution
		{680DE30E-C63C-49C0-99D6-46FCA7676C2C}.Debug|Any CPU.ActiveCfg = Debug|Any CPU
		{680DE30E-C63C-49C0-99D6-46FCA7676C2C}.Debug|Any CPU.Build.0 = Debug|Any CPU
		{680DE30E-C63C-49C0-99D6-46FCA7676C2C}.Release|Any CPU.ActiveCfg = Release|Any CPU
		{680DE30E-C63C-49C0-99D6-46FCA7676C2C}.Release|Any CPU.Build.0 = Release|Any CPU
		{1F81EFF8-0699-4B73-9F64-B8EA450C2BDC}.Debug|Any CPU.ActiveCfg = Debug|Any CPU
		{1F81EFF8-0699-4B73-9F64-B8EA450C2BDC}.Debug|Any CPU.Build.0 = Debug|Any CPU
		{1F81EFF8-0699-4B73-9F64-B8EA450C2BDC}.Release|Any CPU.ActiveCfg = Release|Any CPU
		{1F81EFF8-0699-4B73-9F64-B8EA450C2BDC}.Release|Any CPU.Build.0 = Release|Any CPU
	EndGlobalSection
EndGlobal
